
Microsoft Visual Studio Solution File, Format Version 12.00
# Visual Studio 15
VisualStudioVersion = 15.0.27703.2035
MinimumVisualStudioVersion = 10.0.40219.1
Project("{FAE04EC0-301F-11D3-BF4B-00C04F79EFBC}") = "Kerberos", "SC03\Kerberos.csproj", "{881CA487-E6FE-4991-959D-5247CC5E00A8}"
EndProject
Global
	GlobalSection(SolutionConfigurationPlatforms) = preSolution
		Debug|Any CPU = Debug|Any CPU
		Release|Any CPU = Release|Any CPU
	EndGlobalSection
	GlobalSection(ProjectConfigurationPlatforms) = postSolution
		{881CA487-E6FE-4991-959D-5247CC5E00A8}.Debug|Any CPU.ActiveCfg = Debug|Any CPU
		{881CA487-E6FE-4991-959D-5247CC5E00A8}.Debug|Any CPU.Build.0 = Debug|Any CPU
		{881CA487-E6FE-4991-959D-5247CC5E00A8}.Release|Any CPU.ActiveCfg = Release|Any CPU
		{881CA487-E6FE-4991-959D-5247CC5E00A8}.Release|Any CPU.Build.0 = Release|Any CPU
	EndGlobalSection
	GlobalSection(SolutionProperties) = preSolution
		HideSolutionNode = FALSE
	EndGlobalSection
	GlobalSection(ExtensibilityGlobals) = postSolution
		SolutionGuid = {3C6875A5-B764-49AC-B0CA-BB6856D763F0}
	EndGlobalSection
EndGlobal
